// !$*UTF8*$!
{
	archiveVersion = 1;
	classes = {
	};
	objectVersion = 55;
	objects = {

/* Begin PBXBuildFile section */
		14A40940C048926A956BB6BA /* Pods_TwitterTutorial.framework in Frameworks */ = {isa = PBXBuildFile; fileRef = BC2CEC296269B6A2F68A565B /* Pods_TwitterTutorial.framework */; };
		D01BD807299E1D380095C464 /* TweetController.swift in Sources */ = {isa = PBXBuildFile; fileRef = D01BD806299E1D380095C464 /* TweetController.swift */; };
		D01BD809299E1ECD0095C464 /* TweetHeader.swift in Sources */ = {isa = PBXBuildFile; fileRef = D01BD808299E1ECD0095C464 /* TweetHeader.swift */; };
		D05230BB296528230020054D /* TweetViewModel.swift in Sources */ = {isa = PBXBuildFile; fileRef = D05230BA296528220020054D /* TweetViewModel.swift */; };
		D05230BD29652F260020054D /* ProfileController.swift in Sources */ = {isa = PBXBuildFile; fileRef = D05230BC29652F260020054D /* ProfileController.swift */; };
		D0631BC92872DDE900B241CB /* AppDelegate.swift in Sources */ = {isa = PBXBuildFile; fileRef = D0631BC82872DDE900B241CB /* AppDelegate.swift */; };
		D0631BCB2872DDE900B241CB /* SceneDelegate.swift in Sources */ = {isa = PBXBuildFile; fileRef = D0631BCA2872DDE900B241CB /* SceneDelegate.swift */; };
		D0631BD02872DDE900B241CB /* Main.storyboard in Resources */ = {isa = PBXBuildFile; fileRef = D0631BCE2872DDE900B241CB /* Main.storyboard */; };
		D0631BD22872DDEA00B241CB /* Assets.xcassets in Resources */ = {isa = PBXBuildFile; fileRef = D0631BD12872DDEA00B241CB /* Assets.xcassets */; };
		D0631BD52872DDEA00B241CB /* LaunchScreen.storyboard in Resources */ = {isa = PBXBuildFile; fileRef = D0631BD32872DDEA00B241CB /* LaunchScreen.storyboard */; };
		D0631BE62872DFB400B241CB /* MainTabController.swift in Sources */ = {isa = PBXBuildFile; fileRef = D0631BE52872DFB400B241CB /* MainTabController.swift */; };
		D0631BE82872E1A000B241CB /* FeedController.swift in Sources */ = {isa = PBXBuildFile; fileRef = D0631BE72872E1A000B241CB /* FeedController.swift */; };
		D0631BEA2872E1DF00B241CB /* ExploreController.swift in Sources */ = {isa = PBXBuildFile; fileRef = D0631BE92872E1DF00B241CB /* ExploreController.swift */; };
		D0631BEC2872E1EC00B241CB /* NotificationsController.swift in Sources */ = {isa = PBXBuildFile; fileRef = D0631BEB2872E1EC00B241CB /* NotificationsController.swift */; };
		D0631BEE2872E1FA00B241CB /* ConversationController.swift in Sources */ = {isa = PBXBuildFile; fileRef = D0631BED2872E1FA00B241CB /* ConversationController.swift */; };
		D0631BFF28742BD400B241CB /* Extensions.swift in Sources */ = {isa = PBXBuildFile; fileRef = D0631BFE28742BD400B241CB /* Extensions.swift */; };
		D0631C022874379300B241CB /* LoginController.swift in Sources */ = {isa = PBXBuildFile; fileRef = D0631C012874379300B241CB /* LoginController.swift */; };
		D0631C04287437D200B241CB /* RegistrationController.swift in Sources */ = {isa = PBXBuildFile; fileRef = D0631C03287437D200B241CB /* RegistrationController.swift */; };
		D06769FC29934DC100D10DF8 /* UserCell.swift in Sources */ = {isa = PBXBuildFile; fileRef = D06769FB29934DC100D10DF8 /* UserCell.swift */; };
		D075CB08293F2DC500C36AE5 /* UserService.swift in Sources */ = {isa = PBXBuildFile; fileRef = D075CB07293F2DC500C36AE5 /* UserService.swift */; };
		D075CB0A293F31F900C36AE5 /* User.swift in Sources */ = {isa = PBXBuildFile; fileRef = D075CB09293F31F900C36AE5 /* User.swift */; };
		D092F98A2934978B003D4B2E /* Utilities.swift in Sources */ = {isa = PBXBuildFile; fileRef = D092F9892934978B003D4B2E /* Utilities.swift */; };
		D0A6C88E295A93EC002BB275 /* UploadTweetController.swift in Sources */ = {isa = PBXBuildFile; fileRef = D0A6C88D295A93EC002BB275 /* UploadTweetController.swift */; };
		D0A6C890295A9B05002BB275 /* CaptionTextView.swift in Sources */ = {isa = PBXBuildFile; fileRef = D0A6C88F295A9B05002BB275 /* CaptionTextView.swift */; };
		D0A6C892295AA156002BB275 /* TweetService.swift in Sources */ = {isa = PBXBuildFile; fileRef = D0A6C891295AA156002BB275 /* TweetService.swift */; };
		D0A6C894295ABC4E002BB275 /* Tweet.swift in Sources */ = {isa = PBXBuildFile; fileRef = D0A6C893295ABC4E002BB275 /* Tweet.swift */; };
		D0A6C896295AC0D8002BB275 /* TweetCell.swift in Sources */ = {isa = PBXBuildFile; fileRef = D0A6C895295AC0D8002BB275 /* TweetCell.swift */; };
		D0B7B8E42966BBA2001B3323 /* ProfileHeader.swift in Sources */ = {isa = PBXBuildFile; fileRef = D0B7B8E32966BBA2001B3323 /* ProfileHeader.swift */; };
		D0B7B8E62966C4C6001B3323 /* ProfileFilterView.swift in Sources */ = {isa = PBXBuildFile; fileRef = D0B7B8E52966C4C6001B3323 /* ProfileFilterView.swift */; };
		D0B7B8E82966C632001B3323 /* ProfileFilterCell.swift in Sources */ = {isa = PBXBuildFile; fileRef = D0B7B8E72966C632001B3323 /* ProfileFilterCell.swift */; };
		D0B7B8EA2967BE44001B3323 /* ProfileHeaderViewModel.swift in Sources */ = {isa = PBXBuildFile; fileRef = D0B7B8E92967BE44001B3323 /* ProfileHeaderViewModel.swift */; };
		D0D0533F2939D28F00B7DAF7 /* GoogleService-Info.plist in Resources */ = {isa = PBXBuildFile; fileRef = D0D0533E2939D28F00B7DAF7 /* GoogleService-Info.plist */; };
		D0D053412939DC2E00B7DAF7 /* Constants.swift in Sources */ = {isa = PBXBuildFile; fileRef = D0D053402939DC2E00B7DAF7 /* Constants.swift */; };
		D0D053432939ED2300B7DAF7 /* AuthService.swift in Sources */ = {isa = PBXBuildFile; fileRef = D0D053422939ED2300B7DAF7 /* AuthService.swift */; };
/* End PBXBuildFile section */

/* Begin PBXFileReference section */
		0CA6881346842D119F81EBEC /* Pods-TwitterTutorial.debug.xcconfig */ = {isa = PBXFileReference; includeInIndex = 1; lastKnownFileType = text.xcconfig; name = "Pods-TwitterTutorial.debug.xcconfig"; path = "Target Support Files/Pods-TwitterTutorial/Pods-TwitterTutorial.debug.xcconfig"; sourceTree = "<group>"; };
		1A395A056C7CF548117D1DE1 /* Pods-TwitterTutorial.release.xcconfig */ = {isa = PBXFileReference; includeInIndex = 1; lastKnownFileType = text.xcconfig; name = "Pods-TwitterTutorial.release.xcconfig"; path = "Target Support Files/Pods-TwitterTutorial/Pods-TwitterTutorial.release.xcconfig"; sourceTree = "<group>"; };
		BC2CEC296269B6A2F68A565B /* Pods_TwitterTutorial.framework */ = {isa = PBXFileReference; explicitFileType = wrapper.framework; includeInIndex = 0; path = Pods_TwitterTutorial.framework; sourceTree = BUILT_PRODUCTS_DIR; };
		D01BD806299E1D380095C464 /* TweetController.swift */ = {isa = PBXFileReference; lastKnownFileType = sourcecode.swift; path = TweetController.swift; sourceTree = "<group>"; };
		D01BD808299E1ECD0095C464 /* TweetHeader.swift */ = {isa = PBXFileReference; lastKnownFileType = sourcecode.swift; path = TweetHeader.swift; sourceTree = "<group>"; };
		D05230BA296528220020054D /* TweetViewModel.swift */ = {isa = PBXFileReference; lastKnownFileType = sourcecode.swift; path = TweetViewModel.swift; sourceTree = "<group>"; };
		D05230BC29652F260020054D /* ProfileController.swift */ = {isa = PBXFileReference; lastKnownFileType = sourcecode.swift; path = ProfileController.swift; sourceTree = "<group>"; };
		D0631BC52872DDE900B241CB /* TwitterTutorial.app */ = {isa = PBXFileReference; explicitFileType = wrapper.application; includeInIndex = 0; path = TwitterTutorial.app; sourceTree = BUILT_PRODUCTS_DIR; };
		D0631BC82872DDE900B241CB /* AppDelegate.swift */ = {isa = PBXFileReference; lastKnownFileType = sourcecode.swift; path = AppDelegate.swift; sourceTree = "<group>"; };
		D0631BCA2872DDE900B241CB /* SceneDelegate.swift */ = {isa = PBXFileReference; lastKnownFileType = sourcecode.swift; path = SceneDelegate.swift; sourceTree = "<group>"; };
		D0631BCF2872DDE900B241CB /* Base */ = {isa = PBXFileReference; lastKnownFileType = file.storyboard; name = Base; path = Base.lproj/Main.storyboard; sourceTree = "<group>"; };
		D0631BD12872DDEA00B241CB /* Assets.xcassets */ = {isa = PBXFileReference; lastKnownFileType = folder.assetcatalog; path = Assets.xcassets; sourceTree = "<group>"; };
		D0631BD42872DDEA00B241CB /* Base */ = {isa = PBXFileReference; lastKnownFileType = file.storyboard; name = Base; path = Base.lproj/LaunchScreen.storyboard; sourceTree = "<group>"; };
		D0631BD62872DDEA00B241CB /* Info.plist */ = {isa = PBXFileReference; lastKnownFileType = text.plist.xml; path = Info.plist; sourceTree = "<group>"; };
		D0631BE52872DFB400B241CB /* MainTabController.swift */ = {isa = PBXFileReference; lastKnownFileType = sourcecode.swift; path = MainTabController.swift; sourceTree = "<group>"; };
		D0631BE72872E1A000B241CB /* FeedController.swift */ = {isa = PBXFileReference; lastKnownFileType = sourcecode.swift; path = FeedController.swift; sourceTree = "<group>"; };
		D0631BE92872E1DF00B241CB /* ExploreController.swift */ = {isa = PBXFileReference; lastKnownFileType = sourcecode.swift; path = ExploreController.swift; sourceTree = "<group>"; };
		D0631BEB2872E1EC00B241CB /* NotificationsController.swift */ = {isa = PBXFileReference; lastKnownFileType = sourcecode.swift; path = NotificationsController.swift; sourceTree = "<group>"; };
		D0631BED2872E1FA00B241CB /* ConversationController.swift */ = {isa = PBXFileReference; lastKnownFileType = sourcecode.swift; path = ConversationController.swift; sourceTree = "<group>"; };
		D0631BFE28742BD400B241CB /* Extensions.swift */ = {isa = PBXFileReference; lastKnownFileType = sourcecode.swift; path = Extensions.swift; sourceTree = "<group>"; };
		D0631C012874379300B241CB /* LoginController.swift */ = {isa = PBXFileReference; lastKnownFileType = sourcecode.swift; path = LoginController.swift; sourceTree = "<group>"; };
		D0631C03287437D200B241CB /* RegistrationController.swift */ = {isa = PBXFileReference; lastKnownFileType = sourcecode.swift; path = RegistrationController.swift; sourceTree = "<group>"; };
		D06769FB29934DC100D10DF8 /* UserCell.swift */ = {isa = PBXFileReference; lastKnownFileType = sourcecode.swift; path = UserCell.swift; sourceTree = "<group>"; };
		D075CB07293F2DC500C36AE5 /* UserService.swift */ = {isa = PBXFileReference; lastKnownFileType = sourcecode.swift; path = UserService.swift; sourceTree = "<group>"; };
		D075CB09293F31F900C36AE5 /* User.swift */ = {isa = PBXFileReference; lastKnownFileType = sourcecode.swift; path = User.swift; sourceTree = "<group>"; };
		D092F9892934978B003D4B2E /* Utilities.swift */ = {isa = PBXFileReference; lastKnownFileType = sourcecode.swift; path = Utilities.swift; sourceTree = "<group>"; };
		D0A6C88D295A93EC002BB275 /* UploadTweetController.swift */ = {isa = PBXFileReference; lastKnownFileType = sourcecode.swift; path = UploadTweetController.swift; sourceTree = "<group>"; };
		D0A6C88F295A9B05002BB275 /* CaptionTextView.swift */ = {isa = PBXFileReference; lastKnownFileType = sourcecode.swift; path = CaptionTextView.swift; sourceTree = "<group>"; };
		D0A6C891295AA156002BB275 /* TweetService.swift */ = {isa = PBXFileReference; lastKnownFileType = sourcecode.swift; path = TweetService.swift; sourceTree = "<group>"; };
		D0A6C893295ABC4E002BB275 /* Tweet.swift */ = {isa = PBXFileReference; lastKnownFileType = sourcecode.swift; path = Tweet.swift; sourceTree = "<group>"; };
		D0A6C895295AC0D8002BB275 /* TweetCell.swift */ = {isa = PBXFileReference; lastKnownFileType = sourcecode.swift; path = TweetCell.swift; sourceTree = "<group>"; };
		D0B7B8E32966BBA2001B3323 /* ProfileHeader.swift */ = {isa = PBXFileReference; lastKnownFileType = sourcecode.swift; path = ProfileHeader.swift; sourceTree = "<group>"; };
		D0B7B8E52966C4C6001B3323 /* ProfileFilterView.swift */ = {isa = PBXFileReference; lastKnownFileType = sourcecode.swift; path = ProfileFilterView.swift; sourceTree = "<group>"; };
		D0B7B8E72966C632001B3323 /* ProfileFilterCell.swift */ = {isa = PBXFileReference; lastKnownFileType = sourcecode.swift; path = ProfileFilterCell.swift; sourceTree = "<group>"; };
		D0B7B8E92967BE44001B3323 /* ProfileHeaderViewModel.swift */ = {isa = PBXFileReference; lastKnownFileType = sourcecode.swift; path = ProfileHeaderViewModel.swift; sourceTree = "<group>"; };
		D0D0533E2939D28F00B7DAF7 /* GoogleService-Info.plist */ = {isa = PBXFileReference; lastKnownFileType = text.plist; path = "GoogleService-Info.plist"; sourceTree = SOURCE_ROOT; };
		D0D053402939DC2E00B7DAF7 /* Constants.swift */ = {isa = PBXFileReference; lastKnownFileType = sourcecode.swift; path = Constants.swift; sourceTree = "<group>"; };
		D0D053422939ED2300B7DAF7 /* AuthService.swift */ = {isa = PBXFileReference; lastKnownFileType = sourcecode.swift; path = AuthService.swift; sourceTree = "<group>"; };
/* End PBXFileReference section */

/* Begin PBXFrameworksBuildPhase section */
		D0631BC22872DDE900B241CB /* Frameworks */ = {
			isa = PBXFrameworksBuildPhase;
			buildActionMask = 2147483647;
			files = (
				14A40940C048926A956BB6BA /* Pods_TwitterTutorial.framework in Frameworks */,
			);
			runOnlyForDeploymentPostprocessing = 0;
		};
/* End PBXFrameworksBuildPhase section */

/* Begin PBXGroup section */
		2FF5012BA3D9D185B33AB043 /* Frameworks */ = {
			isa = PBXGroup;
			children = (
				BC2CEC296269B6A2F68A565B /* Pods_TwitterTutorial.framework */,
			);
			name = Frameworks;
			sourceTree = "<group>";
		};
		697159E599A01D0BBFB010F7 /* Pods */ = {
			isa = PBXGroup;
			children = (
				0CA6881346842D119F81EBEC /* Pods-TwitterTutorial.debug.xcconfig */,
				1A395A056C7CF548117D1DE1 /* Pods-TwitterTutorial.release.xcconfig */,
			);
			path = Pods;
			sourceTree = "<group>";
		};
		D0631BBC2872DDE900B241CB = {
			isa = PBXGroup;
			children = (
				D0631BC72872DDE900B241CB /* TwitterTutorial */,
				D0631BC62872DDE900B241CB /* Products */,
				697159E599A01D0BBFB010F7 /* Pods */,
				2FF5012BA3D9D185B33AB043 /* Frameworks */,
			);
			sourceTree = "<group>";
		};
		D0631BC62872DDE900B241CB /* Products */ = {
			isa = PBXGroup;
			children = (
				D0631BC52872DDE900B241CB /* TwitterTutorial.app */,
			);
			name = Products;
			sourceTree = "<group>";
		};
		D0631BC72872DDE900B241CB /* TwitterTutorial */ = {
			isa = PBXGroup;
			children = (
				D0631BE12872DE5800B241CB /* Model */,
				D0631BE02872DE5600B241CB /* View */,
				D0631BDF2872DE5200B241CB /* ViewModel */,
				D0631BDE2872DE5000B241CB /* Controller */,
				D0631BDD2872DE4C00B241CB /* API */,
				D0631BE22872DEA900B241CB /* Utils */,
				D0631BC82872DDE900B241CB /* AppDelegate.swift */,
				D0631BCA2872DDE900B241CB /* SceneDelegate.swift */,
				D0631BCE2872DDE900B241CB /* Main.storyboard */,
				D0631BD12872DDEA00B241CB /* Assets.xcassets */,
				D0631BD32872DDEA00B241CB /* LaunchScreen.storyboard */,
				D0D0533E2939D28F00B7DAF7 /* GoogleService-Info.plist */,
				D0631BD62872DDEA00B241CB /* Info.plist */,
			);
			path = TwitterTutorial;
			sourceTree = "<group>";
		};
		D0631BDD2872DE4C00B241CB /* API */ = {
			isa = PBXGroup;
			children = (
				D0D053422939ED2300B7DAF7 /* AuthService.swift */,
				D075CB07293F2DC500C36AE5 /* UserService.swift */,
				D0A6C891295AA156002BB275 /* TweetService.swift */,
			);
			path = API;
			sourceTree = "<group>";
		};
		D0631BDE2872DE5000B241CB /* Controller */ = {
			isa = PBXGroup;
			children = (
				D0631C002874376A00B241CB /* Autentication */,
				D0631BE52872DFB400B241CB /* MainTabController.swift */,
				D0631BE72872E1A000B241CB /* FeedController.swift */,
				D0631BE92872E1DF00B241CB /* ExploreController.swift */,
				D0631BEB2872E1EC00B241CB /* NotificationsController.swift */,
				D0631BED2872E1FA00B241CB /* ConversationController.swift */,
				D0A6C88D295A93EC002BB275 /* UploadTweetController.swift */,
				D05230BC29652F260020054D /* ProfileController.swift */,
				D01BD806299E1D380095C464 /* TweetController.swift */,
			);
			path = Controller;
			sourceTree = "<group>";
		};
		D0631BDF2872DE5200B241CB /* ViewModel */ = {
			isa = PBXGroup;
			children = (
				D05230BA296528220020054D /* TweetViewModel.swift */,
				D0B7B8E92967BE44001B3323 /* ProfileHeaderViewModel.swift */,
			);
			path = ViewModel;
			sourceTree = "<group>";
		};
		D0631BE02872DE5600B241CB /* View */ = {
			isa = PBXGroup;
			children = (
				D0A6C88F295A9B05002BB275 /* CaptionTextView.swift */,
				D0A6C895295AC0D8002BB275 /* TweetCell.swift */,
				D0B7B8E32966BBA2001B3323 /* ProfileHeader.swift */,
				D0B7B8E52966C4C6001B3323 /* ProfileFilterView.swift */,
				D0B7B8E72966C632001B3323 /* ProfileFilterCell.swift */,
				D06769FB29934DC100D10DF8 /* UserCell.swift */,
				D01BD808299E1ECD0095C464 /* TweetHeader.swift */,
			);
			path = View;
			sourceTree = "<group>";
		};
		D0631BE12872DE5800B241CB /* Model */ = {
			isa = PBXGroup;
			children = (
				D075CB09293F31F900C36AE5 /* User.swift */,
				D0A6C893295ABC4E002BB275 /* Tweet.swift */,
			);
			path = Model;
			sourceTree = "<group>";
		};
		D0631BE22872DEA900B241CB /* Utils */ = {
			isa = PBXGroup;
			children = (
				D0631BFE28742BD400B241CB /* Extensions.swift */,
				D092F9892934978B003D4B2E /* Utilities.swift */,
				D0D053402939DC2E00B7DAF7 /* Constants.swift */,
			);
			path = Utils;
			sourceTree = "<group>";
		};
		D0631C002874376A00B241CB /* Autentication */ = {
			isa = PBXGroup;
			children = (
				D0631C012874379300B241CB /* LoginController.swift */,
				D0631C03287437D200B241CB /* RegistrationController.swift */,
			);
			path = Autentication;
			sourceTree = "<group>";
		};
/* End PBXGroup section */

/* Begin PBXNativeTarget section */
		D0631BC42872DDE900B241CB /* TwitterTutorial */ = {
			isa = PBXNativeTarget;
			buildConfigurationList = D0631BD92872DDEA00B241CB /* Build configuration list for PBXNativeTarget "TwitterTutorial" */;
			buildPhases = (
				6CD076CBE2445F372970CCC2 /* [CP] Check Pods Manifest.lock */,
				D0631BC12872DDE900B241CB /* Sources */,
				D0631BC22872DDE900B241CB /* Frameworks */,
				D0631BC32872DDE900B241CB /* Resources */,
				0E542B2CAED6398901AA788B /* [CP] Embed Pods Frameworks */,
			);
			buildRules = (
			);
			dependencies = (
			);
			name = TwitterTutorial;
			productName = TwitterTutorial;
			productReference = D0631BC52872DDE900B241CB /* TwitterTutorial.app */;
			productType = "com.apple.product-type.application";
		};
/* End PBXNativeTarget section */

/* Begin PBXProject section */
		D0631BBD2872DDE900B241CB /* Project object */ = {
			isa = PBXProject;
			attributes = {
				BuildIndependentTargetsInParallel = 1;
				LastSwiftUpdateCheck = 1340;
				LastUpgradeCheck = 1340;
				TargetAttributes = {
					D0631BC42872DDE900B241CB = {
						CreatedOnToolsVersion = 13.4;
					};
				};
			};
			buildConfigurationList = D0631BC02872DDE900B241CB /* Build configuration list for PBXProject "TwitterTutorial" */;
			compatibilityVersion = "Xcode 13.0";
			developmentRegion = en;
			hasScannedForEncodings = 0;
			knownRegions = (
				en,
				Base,
			);
			mainGroup = D0631BBC2872DDE900B241CB;
			productRefGroup = D0631BC62872DDE900B241CB /* Products */;
			projectDirPath = "";
			projectRoot = "";
			targets = (
				D0631BC42872DDE900B241CB /* TwitterTutorial */,
			);
		};
/* End PBXProject section */

/* Begin PBXResourcesBuildPhase section */
		D0631BC32872DDE900B241CB /* Resources */ = {
			isa = PBXResourcesBuildPhase;
			buildActionMask = 2147483647;
			files = (
				D0631BD52872DDEA00B241CB /* LaunchScreen.storyboard in Resources */,
				D0D0533F2939D28F00B7DAF7 /* GoogleService-Info.plist in Resources */,
				D0631BD22872DDEA00B241CB /* Assets.xcassets in Resources */,
				D0631BD02872DDE900B241CB /* Main.storyboard in Resources */,
			);
			runOnlyForDeploymentPostprocessing = 0;
		};
/* End PBXResourcesBuildPhase section */

/* Begin PBXShellScriptBuildPhase section */
		0E542B2CAED6398901AA788B /* [CP] Embed Pods Frameworks */ = {
			isa = PBXShellScriptBuildPhase;
			buildActionMask = 2147483647;
			files = (
			);
			inputFileListPaths = (
				"${PODS_ROOT}/Target Support Files/Pods-TwitterTutorial/Pods-TwitterTutorial-frameworks-${CONFIGURATION}-input-files.xcfilelist",
			);
			name = "[CP] Embed Pods Frameworks";
			outputFileListPaths = (
				"${PODS_ROOT}/Target Support Files/Pods-TwitterTutorial/Pods-TwitterTutorial-frameworks-${CONFIGURATION}-output-files.xcfilelist",
			);
			runOnlyForDeploymentPostprocessing = 0;
			shellPath = /bin/sh;
			shellScript = "\"${PODS_ROOT}/Target Support Files/Pods-TwitterTutorial/Pods-TwitterTutorial-frameworks.sh\"\n";
			showEnvVarsInLog = 0;
		};
		6CD076CBE2445F372970CCC2 /* [CP] Check Pods Manifest.lock */ = {
			isa = PBXShellScriptBuildPhase;
			buildActionMask = 2147483647;
			files = (
			);
			inputFileListPaths = (
			);
			inputPaths = (
				"${PODS_PODFILE_DIR_PATH}/Podfile.lock",
				"${PODS_ROOT}/Manifest.lock",
			);
			name = "[CP] Check Pods Manifest.lock";
			outputFileListPaths = (
			);
			outputPaths = (
				"$(DERIVED_FILE_DIR)/Pods-TwitterTutorial-checkManifestLockResult.txt",
			);
			runOnlyForDeploymentPostprocessing = 0;
			shellPath = /bin/sh;
			shellScript = "diff \"${PODS_PODFILE_DIR_PATH}/Podfile.lock\" \"${PODS_ROOT}/Manifest.lock\" > /dev/null\nif [ $? != 0 ] ; then\n    # print error to STDERR\n    echo \"error: The sandbox is not in sync with the Podfile.lock. Run 'pod install' or update your CocoaPods installation.\" >&2\n    exit 1\nfi\n# This output is used by Xcode 'outputs' to avoid re-running this script phase.\necho \"SUCCESS\" > \"${SCRIPT_OUTPUT_FILE_0}\"\n";
			showEnvVarsInLog = 0;
		};
/* End PBXShellScriptBuildPhase section */

/* Begin PBXSourcesBuildPhase section */
		D0631BC12872DDE900B241CB /* Sources */ = {
			isa = PBXSourcesBuildPhase;
			buildActionMask = 2147483647;
			files = (
				D075CB08293F2DC500C36AE5 /* UserService.swift in Sources */,
				D0631BEC2872E1EC00B241CB /* NotificationsController.swift in Sources */,
				D0A6C890295A9B05002BB275 /* CaptionTextView.swift in Sources */,
				D0631BC92872DDE900B241CB /* AppDelegate.swift in Sources */,
				D092F98A2934978B003D4B2E /* Utilities.swift in Sources */,
				D06769FC29934DC100D10DF8 /* UserCell.swift in Sources */,
				D0631BEA2872E1DF00B241CB /* ExploreController.swift in Sources */,
				D0631BFF28742BD400B241CB /* Extensions.swift in Sources */,
				D05230BD29652F260020054D /* ProfileController.swift in Sources */,
				D01BD807299E1D380095C464 /* TweetController.swift in Sources */,
				D0B7B8E42966BBA2001B3323 /* ProfileHeader.swift in Sources */,
				D0A6C896295AC0D8002BB275 /* TweetCell.swift in Sources */,
				D0631C022874379300B241CB /* LoginController.swift in Sources */,
				D0D053432939ED2300B7DAF7 /* AuthService.swift in Sources */,
				D0A6C88E295A93EC002BB275 /* UploadTweetController.swift in Sources */,
				D0B7B8EA2967BE44001B3323 /* ProfileHeaderViewModel.swift in Sources */,
				D075CB0A293F31F900C36AE5 /* User.swift in Sources */,
				D0631BCB2872DDE900B241CB /* SceneDelegate.swift in Sources */,
				D0631BE62872DFB400B241CB /* MainTabController.swift in Sources */,
				D0631BEE2872E1FA00B241CB /* ConversationController.swift in Sources */,
				D05230BB296528230020054D /* TweetViewModel.swift in Sources */,
				D01BD809299E1ECD0095C464 /* TweetHeader.swift in Sources */,
				D0631C04287437D200B241CB /* RegistrationController.swift in Sources */,
				D0B7B8E82966C632001B3323 /* ProfileFilterCell.swift in Sources */,
				D0631BE82872E1A000B241CB /* FeedController.swift in Sources */,
				D0B7B8E62966C4C6001B3323 /* ProfileFilterView.swift in Sources */,
				D0D053412939DC2E00B7DAF7 /* Constants.swift in Sources */,
				D0A6C894295ABC4E002BB275 /* Tweet.swift in Sources */,
				D0A6C892295AA156002BB275 /* TweetService.swift in Sources */,
			);
			runOnlyForDeploymentPostprocessing = 0;
		};
/* End PBXSourcesBuildPhase section */

/* Begin PBXVariantGroup section */
		D0631BCE2872DDE900B241CB /* Main.storyboard */ = {
			isa = PBXVariantGroup;
			children = (
				D0631BCF2872DDE900B241CB /* Base */,
			);
			name = Main.storyboard;
			sourceTree = "<group>";
		};
		D0631BD32872DDEA00B241CB /* LaunchScreen.storyboard */ = {
			isa = PBXVariantGroup;
			children = (
				D0631BD42872DDEA00B241CB /* Base */,
			);
			name = LaunchScreen.storyboard;
			sourceTree = "<group>";
		};
/* End PBXVariantGroup section */

/* Begin XCBuildConfiguration section */
		D0631BD72872DDEA00B241CB /* Debug */ = {
			isa = XCBuildConfiguration;
			buildSettings = {
				ALWAYS_SEARCH_USER_PATHS = NO;
				CLANG_ANALYZER_NONNULL = YES;
				CLANG_ANALYZER_NUMBER_OBJECT_CONVERSION = YES_AGGRESSIVE;
				CLANG_CXX_LANGUAGE_STANDARD = "gnu++17";
				CLANG_ENABLE_MODULES = YES;
				CLANG_ENABLE_OBJC_ARC = YES;
				CLANG_ENABLE_OBJC_WEAK = YES;
				CLANG_WARN_BLOCK_CAPTURE_AUTORELEASING = YES;
				CLANG_WARN_BOOL_CONVERSION = YES;
				CLANG_WARN_COMMA = YES;
				CLANG_WARN_CONSTANT_CONVERSION = YES;
				CLANG_WARN_DEPRECATED_OBJC_IMPLEMENTATIONS = YES;
				CLANG_WARN_DIRECT_OBJC_ISA_USAGE = YES_ERROR;
				CLANG_WARN_DOCUMENTATION_COMMENTS = YES;
				CLANG_WARN_EMPTY_BODY = YES;
				CLANG_WARN_ENUM_CONVERSION = YES;
				CLANG_WARN_INFINITE_RECURSION = YES;
				CLANG_WARN_INT_CONVERSION = YES;
				CLANG_WARN_NON_LITERAL_NULL_CONVERSION = YES;
				CLANG_WARN_OBJC_IMPLICIT_RETAIN_SELF = YES;
				CLANG_WARN_OBJC_LITERAL_CONVERSION = YES;
				CLANG_WARN_OBJC_ROOT_CLASS = YES_ERROR;
				CLANG_WARN_QUOTED_INCLUDE_IN_FRAMEWORK_HEADER = YES;
				CLANG_WARN_RANGE_LOOP_ANALYSIS = YES;
				CLANG_WARN_STRICT_PROTOTYPES = YES;
				CLANG_WARN_SUSPICIOUS_MOVE = YES;
				CLANG_WARN_UNGUARDED_AVAILABILITY = YES_AGGRESSIVE;
				CLANG_WARN_UNREACHABLE_CODE = YES;
				CLANG_WARN__DUPLICATE_METHOD_MATCH = YES;
				COPY_PHASE_STRIP = NO;
				DEBUG_INFORMATION_FORMAT = dwarf;
				ENABLE_STRICT_OBJC_MSGSEND = YES;
				ENABLE_TESTABILITY = YES;
				GCC_C_LANGUAGE_STANDARD = gnu11;
				GCC_DYNAMIC_NO_PIC = NO;
				GCC_NO_COMMON_BLOCKS = YES;
				GCC_OPTIMIZATION_LEVEL = 0;
				GCC_PREPROCESSOR_DEFINITIONS = (
					"DEBUG=1",
					"$(inherited)",
				);
				GCC_WARN_64_TO_32_BIT_CONVERSION = YES;
				GCC_WARN_ABOUT_RETURN_TYPE = YES_ERROR;
				GCC_WARN_UNDECLARED_SELECTOR = YES;
				GCC_WARN_UNINITIALIZED_AUTOS = YES_AGGRESSIVE;
				GCC_WARN_UNUSED_FUNCTION = YES;
				GCC_WARN_UNUSED_VARIABLE = YES;
				IPHONEOS_DEPLOYMENT_TARGET = 15.5;
				MTL_ENABLE_DEBUG_INFO = INCLUDE_SOURCE;
				MTL_FAST_MATH = YES;
				ONLY_ACTIVE_ARCH = YES;
				SDKROOT = iphoneos;
				SWIFT_ACTIVE_COMPILATION_CONDITIONS = DEBUG;
				SWIFT_OPTIMIZATION_LEVEL = "-Onone";
			};
			name = Debug;
		};
		D0631BD82872DDEA00B241CB /* Release */ = {
			isa = XCBuildConfiguration;
			buildSettings = {
				ALWAYS_SEARCH_USER_PATHS = NO;
				CLANG_ANALYZER_NONNULL = YES;
				CLANG_ANALYZER_NUMBER_OBJECT_CONVERSION = YES_AGGRESSIVE;
				CLANG_CXX_LANGUAGE_STANDARD = "gnu++17";
				CLANG_ENABLE_MODULES = YES;
				CLANG_ENABLE_OBJC_ARC = YES;
				CLANG_ENABLE_OBJC_WEAK = YES;
				CLANG_WARN_BLOCK_CAPTURE_AUTORELEASING = YES;
				CLANG_WARN_BOOL_CONVERSION = YES;
				CLANG_WARN_COMMA = YES;
				CLANG_WARN_CONSTANT_CONVERSION = YES;
				CLANG_WARN_DEPRECATED_OBJC_IMPLEMENTATIONS = YES;
				CLANG_WARN_DIRECT_OBJC_ISA_USAGE = YES_ERROR;
				CLANG_WARN_DOCUMENTATION_COMMENTS = YES;
				CLANG_WARN_EMPTY_BODY = YES;
				CLANG_WARN_ENUM_CONVERSION = YES;
				CLANG_WARN_INFINITE_RECURSION = YES;
				CLANG_WARN_INT_CONVERSION = YES;
				CLANG_WARN_NON_LITERAL_NULL_CONVERSION = YES;
				CLANG_WARN_OBJC_IMPLICIT_RETAIN_SELF = YES;
				CLANG_WARN_OBJC_LITERAL_CONVERSION = YES;
				CLANG_WARN_OBJC_ROOT_CLASS = YES_ERROR;
				CLANG_WARN_QUOTED_INCLUDE_IN_FRAMEWORK_HEADER = YES;
				CLANG_WARN_RANGE_LOOP_ANALYSIS = YES;
				CLANG_WARN_STRICT_PROTOTYPES = YES;
				CLANG_WARN_SUSPICIOUS_MOVE = YES;
				CLANG_WARN_UNGUARDED_AVAILABILITY = YES_AGGRESSIVE;
				CLANG_WARN_UNREACHABLE_CODE = YES;
				CLANG_WARN__DUPLICATE_METHOD_MATCH = YES;
				COPY_PHASE_STRIP = NO;
				DEBUG_INFORMATION_FORMAT = "dwarf-with-dsym";
				ENABLE_NS_ASSERTIONS = NO;
				ENABLE_STRICT_OBJC_MSGSEND = YES;
				GCC_C_LANGUAGE_STANDARD = gnu11;
				GCC_NO_COMMON_BLOCKS = YES;
				GCC_WARN_64_TO_32_BIT_CONVERSION = YES;
				GCC_WARN_ABOUT_RETURN_TYPE = YES_ERROR;
				GCC_WARN_UNDECLARED_SELECTOR = YES;
				GCC_WARN_UNINITIALIZED_AUTOS = YES_AGGRESSIVE;
				GCC_WARN_UNUSED_FUNCTION = YES;
				GCC_WARN_UNUSED_VARIABLE = YES;
				IPHONEOS_DEPLOYMENT_TARGET = 15.5;
				MTL_ENABLE_DEBUG_INFO = NO;
				MTL_FAST_MATH = YES;
				SDKROOT = iphoneos;
				SWIFT_COMPILATION_MODE = wholemodule;
				SWIFT_OPTIMIZATION_LEVEL = "-O";
				VALIDATE_PRODUCT = YES;
			};
			name = Release;
		};
		D0631BDA2872DDEA00B241CB /* Debug */ = {
			isa = XCBuildConfiguration;
			baseConfigurationReference = 0CA6881346842D119F81EBEC /* Pods-TwitterTutorial.debug.xcconfig */;
			buildSettings = {
				ASSETCATALOG_COMPILER_APPICON_NAME = AppIcon;
				ASSETCATALOG_COMPILER_GLOBAL_ACCENT_COLOR_NAME = AccentColor;
				CODE_SIGN_STYLE = Automatic;
				CURRENT_PROJECT_VERSION = 1;
				DEVELOPMENT_TEAM = 5H3B76C82P;
				GENERATE_INFOPLIST_FILE = YES;
				INFOPLIST_FILE = TwitterTutorial/Info.plist;
				INFOPLIST_KEY_UIApplicationSupportsIndirectInputEvents = YES;
				INFOPLIST_KEY_UILaunchStoryboardName = LaunchScreen;
				INFOPLIST_KEY_UIMainStoryboardFile = Main;
				INFOPLIST_KEY_UISupportedInterfaceOrientations_iPad = "UIInterfaceOrientationPortrait UIInterfaceOrientationPortraitUpsideDown UIInterfaceOrientationLandscapeLeft UIInterfaceOrientationLandscapeRight";
				INFOPLIST_KEY_UISupportedInterfaceOrientations_iPhone = "UIInterfaceOrientationPortrait UIInterfaceOrientationLandscapeLeft UIInterfaceOrientationLandscapeRight";
				LD_RUNPATH_SEARCH_PATHS = (
					"$(inherited)",
					"@executable_path/Frameworks",
				);
				MARKETING_VERSION = 1.0;
				PRODUCT_BUNDLE_IDENTIFIER = com.justin.TwitterTutorial;
				PRODUCT_NAME = "$(TARGET_NAME)";
				SWIFT_EMIT_LOC_STRINGS = YES;
				SWIFT_VERSION = 5.0;
				TARGETED_DEVICE_FAMILY = "1,2";
			};
			name = Debug;
		};
		D0631BDB2872DDEA00B241CB /* Release */ = {
			isa = XCBuildConfiguration;
			baseConfigurationReference = 1A395A056C7CF548117D1DE1 /* Pods-TwitterTutorial.release.xcconfig */;
			buildSettings = {
				ASSETCATALOG_COMPILER_APPICON_NAME = AppIcon;
				ASSETCATALOG_COMPILER_GLOBAL_ACCENT_COLOR_NAME = AccentColor;
				CODE_SIGN_STYLE = Automatic;
				CURRENT_PROJECT_VERSION = 1;
				DEVELOPMENT_TEAM = 5H3B76C82P;
				GENERATE_INFOPLIST_FILE = YES;
				INFOPLIST_FILE = TwitterTutorial/Info.plist;
				INFOPLIST_KEY_UIApplicationSupportsIndirectInputEvents = YES;
				INFOPLIST_KEY_UILaunchStoryboardName = LaunchScreen;
				INFOPLIST_KEY_UIMainStoryboardFile = Main;
				INFOPLIST_KEY_UISupportedInterfaceOrientations_iPad = "UIInterfaceOrientationPortrait UIInterfaceOrientationPortraitUpsideDown UIInterfaceOrientationLandscapeLeft UIInterfaceOrientationLandscapeRight";
				INFOPLIST_KEY_UISupportedInterfaceOrientations_iPhone = "UIInterfaceOrientationPortrait UIInterfaceOrientationLandscapeLeft UIInterfaceOrientationLandscapeRight";
				LD_RUNPATH_SEARCH_PATHS = (
					"$(inherited)",
					"@executable_path/Frameworks",
				);
				MARKETING_VERSION = 1.0;
				PRODUCT_BUNDLE_IDENTIFIER = com.justin.TwitterTutorial;
				PRODUCT_NAME = "$(TARGET_NAME)";
				SWIFT_EMIT_LOC_STRINGS = YES;
				SWIFT_VERSION = 5.0;
				TARGETED_DEVICE_FAMILY = "1,2";
			};
			name = Release;
		};
/* End XCBuildConfiguration section */

/* Begin XCConfigurationList section */
		D0631BC02872DDE900B241CB /* Build configuration list for PBXProject "TwitterTutorial" */ = {
			isa = XCConfigurationList;
			buildConfigurations = (
				D0631BD72872DDEA00B241CB /* Debug */,
				D0631BD82872DDEA00B241CB /* Release */,
			);
			defaultConfigurationIsVisible = 0;
			defaultConfigurationName = Release;
		};
		D0631BD92872DDEA00B241CB /* Build configuration list for PBXNativeTarget "TwitterTutorial" */ = {
			isa = XCConfigurationList;
			buildConfigurations = (
				D0631BDA2872DDEA00B241CB /* Debug */,
				D0631BDB2872DDEA00B241CB /* Release */,
			);
			defaultConfigurationIsVisible = 0;
			defaultConfigurationName = Release;
		};
/* End XCConfigurationList section */
	};
	rootObject = D0631BBD2872DDE900B241CB /* Project object */;
}
