// !$*UTF8*$!
{
	archiveVersion = 1;
	classes = {
	};
	objectVersion = 55;
	objects = {

/* Begin PBXBuildFile section */
		D0631BC92872DDE900B241CB /* AppDelegate.swift in Sources */ = {isa = PBXBuildFile; fileRef = D0631BC82872DDE900B241CB /* AppDelegate.swift */; };
		D0631BCB2872DDE900B241CB /* SceneDelegate.swift in Sources */ = {isa = PBXBuildFile; fileRef = D0631BCA2872DDE900B241CB /* SceneDelegate.swift */; };
		D0631BD02872DDE900B241CB /* Main.storyboard in Resources */ = {isa = PBXBuildFile; fileRef = D0631BCE2872DDE900B241CB /* Main.storyboard */; };
		D0631BD22872DDEA00B241CB /* Assets.xcassets in Resources */ = {isa = PBXBuildFile; fileRef = D0631BD12872DDEA00B241CB /* Assets.xcassets */; };
		D0631BD52872DDEA00B241CB /* LaunchScreen.storyboard in Resources */ = {isa = PBXBuildFile; fileRef = D0631BD32872DDEA00B241CB /* LaunchScreen.storyboard */; };
		D0631BE62872DFB400B241CB /* MainTabController.swift in Sources */ = {isa = PBXBuildFile; fileRef = D0631BE52872DFB400B241CB /* MainTabController.swift */; };
		D0631BE82872E1A000B241CB /* FeedController.swift in Sources */ = {isa = PBXBuildFile; fileRef = D0631BE72872E1A000B241CB /* FeedController.swift */; };
		D0631BEA2872E1DF00B241CB /* ExploreController.swift in Sources */ = {isa = PBXBuildFile; fileRef = D0631BE92872E1DF00B241CB /* ExploreController.swift */; };
		D0631BEC2872E1EC00B241CB /* NotificationsController.swift in Sources */ = {isa = PBXBuildFile; fileRef = D0631BEB2872E1EC00B241CB /* NotificationsController.swift */; };
		D0631BEE2872E1FA00B241CB /* ConversationController.swift in Sources */ = {isa = PBXBuildFile; fileRef = D0631BED2872E1FA00B241CB /* ConversationController.swift */; };
/* End PBXBuildFile section */

/* Begin PBXFileReference section */
		D0631BC52872DDE900B241CB /* TwitterTutorial.app */ = {isa = PBXFileReference; explicitFileType = wrapper.application; includeInIndex = 0; path = TwitterTutorial.app; sourceTree = BUILT_PRODUCTS_DIR; };
		D0631BC82872DDE900B241CB /* AppDelegate.swift */ = {isa = PBXFileReference; lastKnownFileType = sourcecode.swift; path = AppDelegate.swift; sourceTree = "<group>"; };
		D0631BCA2872DDE900B241CB /* SceneDelegate.swift */ = {isa = PBXFileReference; lastKnownFileType = sourcecode.swift; path = SceneDelegate.swift; sourceTree = "<group>"; };
		D0631BCF2872DDE900B241CB /* Base */ = {isa = PBXFileReference; lastKnownFileType = file.storyboard; name = Base; path = Base.lproj/Main.storyboard; sourceTree = "<group>"; };
		D0631BD12872DDEA00B241CB /* Assets.xcassets */ = {isa = PBXFileReference; lastKnownFileType = folder.assetcatalog; path = Assets.xcassets; sourceTree = "<group>"; };
		D0631BD42872DDEA00B241CB /* Base */ = {isa = PBXFileReference; lastKnownFileType = file.storyboard; name = Base; path = Base.lproj/LaunchScreen.storyboard; sourceTree = "<group>"; };
		D0631BD62872DDEA00B241CB /* Info.plist */ = {isa = PBXFileReference; lastKnownFileType = text.plist.xml; path = Info.plist; sourceTree = "<group>"; };
		D0631BE52872DFB400B241CB /* MainTabController.swift */ = {isa = PBXFileReference; lastKnownFileType = sourcecode.swift; path = MainTabController.swift; sourceTree = "<group>"; };
		D0631BE72872E1A000B241CB /* FeedController.swift */ = {isa = PBXFileReference; lastKnownFileType = sourcecode.swift; path = FeedController.swift; sourceTree = "<group>"; };
		D0631BE92872E1DF00B241CB /* ExploreController.swift */ = {isa = PBXFileReference; lastKnownFileType = sourcecode.swift; path = ExploreController.swift; sourceTree = "<group>"; };
		D0631BEB2872E1EC00B241CB /* NotificationsController.swift */ = {isa = PBXFileReference; lastKnownFileType = sourcecode.swift; path = NotificationsController.swift; sourceTree = "<group>"; };
		D0631BED2872E1FA00B241CB /* ConversationController.swift */ = {isa = PBXFileReference; lastKnownFileType = sourcecode.swift; path = ConversationController.swift; sourceTree = "<group>"; };
/* End PBXFileReference section */

/* Begin PBXFrameworksBuildPhase section */
		D0631BC22872DDE900B241CB /* Frameworks */ = {
			isa = PBXFrameworksBuildPhase;
			buildActionMask = 2147483647;
			files = (
			);
			runOnlyForDeploymentPostprocessing = 0;
		};
/* End PBXFrameworksBuildPhase section */

/* Begin PBXGroup section */
		D0631BBC2872DDE900B241CB = {
			isa = PBXGroup;
			children = (
				D0631BC72872DDE900B241CB /* TwitterTutorial */,
				D0631BC62872DDE900B241CB /* Products */,
			);
			sourceTree = "<group>";
		};
		D0631BC62872DDE900B241CB /* Products */ = {
			isa = PBXGroup;
			children = (
				D0631BC52872DDE900B241CB /* TwitterTutorial.app */,
			);
			name = Products;
			sourceTree = "<group>";
		};
		D0631BC72872DDE900B241CB /* TwitterTutorial */ = {
			isa = PBXGroup;
			children = (
				D0631BE12872DE5800B241CB /* Model */,
				D0631BE02872DE5600B241CB /* View */,
				D0631BDF2872DE5200B241CB /* ViewModel */,
				D0631BDE2872DE5000B241CB /* Controller */,
				D0631BDD2872DE4C00B241CB /* API */,
				D0631BE22872DEA900B241CB /* Utils */,
				D0631BC82872DDE900B241CB /* AppDelegate.swift */,
				D0631BCA2872DDE900B241CB /* SceneDelegate.swift */,
				D0631BCE2872DDE900B241CB /* Main.storyboard */,
				D0631BD12872DDEA00B241CB /* Assets.xcassets */,
				D0631BD32872DDEA00B241CB /* LaunchScreen.storyboard */,
				D0631BD62872DDEA00B241CB /* Info.plist */,
			);
			path = TwitterTutorial;
			sourceTree = "<group>";
		};
		D0631BDD2872DE4C00B241CB /* API */ = {
			isa = PBXGroup;
			children = (
			);
			path = API;
			sourceTree = "<group>";
		};
		D0631BDE2872DE5000B241CB /* Controller */ = {
			isa = PBXGroup;
			children = (
				D0631BE52872DFB400B241CB /* MainTabController.swift */,
				D0631BE72872E1A000B241CB /* FeedController.swift */,
				D0631BE92872E1DF00B241CB /* ExploreController.swift */,
				D0631BEB2872E1EC00B241CB /* NotificationsController.swift */,
				D0631BED2872E1FA00B241CB /* ConversationController.swift */,
			);
			path = Controller;
			sourceTree = "<group>";
		};
		D0631BDF2872DE5200B241CB /* ViewModel */ = {
			isa = PBXGroup;
			children = (
			);
			path = ViewModel;
			sourceTree = "<group>";
		};
		D0631BE02872DE5600B241CB /* View */ = {
			isa = PBXGroup;
			children = (
			);
			path = View;
			sourceTree = "<group>";
		};
		D0631BE12872DE5800B241CB /* Model */ = {
			isa = PBXGroup;
			children = (
			);
			path = Model;
			sourceTree = "<group>";
		};
		D0631BE22872DEA900B241CB /* Utils */ = {
			isa = PBXGroup;
			children = (
			);
			path = Utils;
			sourceTree = "<group>";
		};
/* End PBXGroup section */

/* Begin PBXNativeTarget section */
		D0631BC42872DDE900B241CB /* TwitterTutorial */ = {
			isa = PBXNativeTarget;
			buildConfigurationList = D0631BD92872DDEA00B241CB /* Build configuration list for PBXNativeTarget "TwitterTutorial" */;
			buildPhases = (
				D0631BC12872DDE900B241CB /* Sources */,
				D0631BC22872DDE900B241CB /* Frameworks */,
				D0631BC32872DDE900B241CB /* Resources */,
			);
			buildRules = (
			);
			dependencies = (
			);
			name = TwitterTutorial;
			productName = TwitterTutorial;
			productReference = D0631BC52872DDE900B241CB /* TwitterTutorial.app */;
			productType = "com.apple.product-type.application";
		};
/* End PBXNativeTarget section */

/* Begin PBXProject section */
		D0631BBD2872DDE900B241CB /* Project object */ = {
			isa = PBXProject;
			attributes = {
				BuildIndependentTargetsInParallel = 1;
				LastSwiftUpdateCheck = 1340;
				LastUpgradeCheck = 1340;
				TargetAttributes = {
					D0631BC42872DDE900B241CB = {
						CreatedOnToolsVersion = 13.4;
					};
				};
			};
			buildConfigurationList = D0631BC02872DDE900B241CB /* Build configuration list for PBXProject "TwitterTutorial" */;
			compatibilityVersion = "Xcode 13.0";
			developmentRegion = en;
			hasScannedForEncodings = 0;
			knownRegions = (
				en,
				Base,
			);
			mainGroup = D0631BBC2872DDE900B241CB;
			productRefGroup = D0631BC62872DDE900B241CB /* Products */;
			projectDirPath = "";
			projectRoot = "";
			targets = (
				D0631BC42872DDE900B241CB /* TwitterTutorial */,
			);
		};
/* End PBXProject section */

/* Begin PBXResourcesBuildPhase section */
		D0631BC32872DDE900B241CB /* Resources */ = {
			isa = PBXResourcesBuildPhase;
			buildActionMask = 2147483647;
			files = (
				D0631BD52872DDEA00B241CB /* LaunchScreen.storyboard in Resources */,
				D0631BD22872DDEA00B241CB /* Assets.xcassets in Resources */,
				D0631BD02872DDE900B241CB /* Main.storyboard in Resources */,
			);
			runOnlyForDeploymentPostprocessing = 0;
		};
/* End PBXResourcesBuildPhase section */

/* Begin PBXSourcesBuildPhase section */
		D0631BC12872DDE900B241CB /* Sources */ = {
			isa = PBXSourcesBuildPhase;
			buildActionMask = 2147483647;
			files = (
				D0631BEC2872E1EC00B241CB /* NotificationsController.swift in Sources */,
				D0631BC92872DDE900B241CB /* AppDelegate.swift in Sources */,
				D0631BEA2872E1DF00B241CB /* ExploreController.swift in Sources */,
				D0631BCB2872DDE900B241CB /* SceneDelegate.swift in Sources */,
				D0631BE62872DFB400B241CB /* MainTabController.swift in Sources */,
				D0631BEE2872E1FA00B241CB /* ConversationController.swift in Sources */,
				D0631BE82872E1A000B241CB /* FeedController.swift in Sources */,
			);
			runOnlyForDeploymentPostprocessing = 0;
		};
/* End PBXSourcesBuildPhase section */

/* Begin PBXVariantGroup section */
		D0631BCE2872DDE900B241CB /* Main.storyboard */ = {
			isa = PBXVariantGroup;
			children = (
				D0631BCF2872DDE900B241CB /* Base */,
			);
			name = Main.storyboard;
			sourceTree = "<group>";
		};
		D0631BD32872DDEA00B241CB /* LaunchScreen.storyboard */ = {
			isa = PBXVariantGroup;
			children = (
				D0631BD42872DDEA00B241CB /* Base */,
			);
			name = LaunchScreen.storyboard;
			sourceTree = "<group>";
		};
/* End PBXVariantGroup section */

/* Begin XCBuildConfiguration section */
		D0631BD72872DDEA00B241CB /* Debug */ = {
			isa = XCBuildConfiguration;
			buildSettings = {
				ALWAYS_SEARCH_USER_PATHS = NO;
				CLANG_ANALYZER_NONNULL = YES;
				CLANG_ANALYZER_NUMBER_OBJECT_CONVERSION = YES_AGGRESSIVE;
				CLANG_CXX_LANGUAGE_STANDARD = "gnu++17";
				CLANG_ENABLE_MODULES = YES;
				CLANG_ENABLE_OBJC_ARC = YES;
				CLANG_ENABLE_OBJC_WEAK = YES;
				CLANG_WARN_BLOCK_CAPTURE_AUTORELEASING = YES;
				CLANG_WARN_BOOL_CONVERSION = YES;
				CLANG_WARN_COMMA = YES;
				CLANG_WARN_CONSTANT_CONVERSION = YES;
				CLANG_WARN_DEPRECATED_OBJC_IMPLEMENTATIONS = YES;
				CLANG_WARN_DIRECT_OBJC_ISA_USAGE = YES_ERROR;
				CLANG_WARN_DOCUMENTATION_COMMENTS = YES;
				CLANG_WARN_EMPTY_BODY = YES;
				CLANG_WARN_ENUM_CONVERSION = YES;
				CLANG_WARN_INFINITE_RECURSION = YES;
				CLANG_WARN_INT_CONVERSION = YES;
				CLANG_WARN_NON_LITERAL_NULL_CONVERSION = YES;
				CLANG_WARN_OBJC_IMPLICIT_RETAIN_SELF = YES;
				CLANG_WARN_OBJC_LITERAL_CONVERSION = YES;
				CLANG_WARN_OBJC_ROOT_CLASS = YES_ERROR;
				CLANG_WARN_QUOTED_INCLUDE_IN_FRAMEWORK_HEADER = YES;
				CLANG_WARN_RANGE_LOOP_ANALYSIS = YES;
				CLANG_WARN_STRICT_PROTOTYPES = YES;
				CLANG_WARN_SUSPICIOUS_MOVE = YES;
				CLANG_WARN_UNGUARDED_AVAILABILITY = YES_AGGRESSIVE;
				CLANG_WARN_UNREACHABLE_CODE = YES;
				CLANG_WARN__DUPLICATE_METHOD_MATCH = YES;
				COPY_PHASE_STRIP = NO;
				DEBUG_INFORMATION_FORMAT = dwarf;
				ENABLE_STRICT_OBJC_MSGSEND = YES;
				ENABLE_TESTABILITY = YES;
				GCC_C_LANGUAGE_STANDARD = gnu11;
				GCC_DYNAMIC_NO_PIC = NO;
				GCC_NO_COMMON_BLOCKS = YES;
				GCC_OPTIMIZATION_LEVEL = 0;
				GCC_PREPROCESSOR_DEFINITIONS = (
					"DEBUG=1",
					"$(inherited)",
				);
				GCC_WARN_64_TO_32_BIT_CONVERSION = YES;
				GCC_WARN_ABOUT_RETURN_TYPE = YES_ERROR;
				GCC_WARN_UNDECLARED_SELECTOR = YES;
				GCC_WARN_UNINITIALIZED_AUTOS = YES_AGGRESSIVE;
				GCC_WARN_UNUSED_FUNCTION = YES;
				GCC_WARN_UNUSED_VARIABLE = YES;
				IPHONEOS_DEPLOYMENT_TARGET = 15.5;
				MTL_ENABLE_DEBUG_INFO = INCLUDE_SOURCE;
				MTL_FAST_MATH = YES;
				ONLY_ACTIVE_ARCH = YES;
				SDKROOT = iphoneos;
				SWIFT_ACTIVE_COMPILATION_CONDITIONS = DEBUG;
				SWIFT_OPTIMIZATION_LEVEL = "-Onone";
			};
			name = Debug;
		};
		D0631BD82872DDEA00B241CB /* Release */ = {
			isa = XCBuildConfiguration;
			buildSettings = {
				ALWAYS_SEARCH_USER_PATHS = NO;
				CLANG_ANALYZER_NONNULL = YES;
				CLANG_ANALYZER_NUMBER_OBJECT_CONVERSION = YES_AGGRESSIVE;
				CLANG_CXX_LANGUAGE_STANDARD = "gnu++17";
				CLANG_ENABLE_MODULES = YES;
				CLANG_ENABLE_OBJC_ARC = YES;
				CLANG_ENABLE_OBJC_WEAK = YES;
				CLANG_WARN_BLOCK_CAPTURE_AUTORELEASING = YES;
				CLANG_WARN_BOOL_CONVERSION = YES;
				CLANG_WARN_COMMA = YES;
				CLANG_WARN_CONSTANT_CONVERSION = YES;
				CLANG_WARN_DEPRECATED_OBJC_IMPLEMENTATIONS = YES;
				CLANG_WARN_DIRECT_OBJC_ISA_USAGE = YES_ERROR;
				CLANG_WARN_DOCUMENTATION_COMMENTS = YES;
				CLANG_WARN_EMPTY_BODY = YES;
				CLANG_WARN_ENUM_CONVERSION = YES;
				CLANG_WARN_INFINITE_RECURSION = YES;
				CLANG_WARN_INT_CONVERSION = YES;
				CLANG_WARN_NON_LITERAL_NULL_CONVERSION = YES;
				CLANG_WARN_OBJC_IMPLICIT_RETAIN_SELF = YES;
				CLANG_WARN_OBJC_LITERAL_CONVERSION = YES;
				CLANG_WARN_OBJC_ROOT_CLASS = YES_ERROR;
				CLANG_WARN_QUOTED_INCLUDE_IN_FRAMEWORK_HEADER = YES;
				CLANG_WARN_RANGE_LOOP_ANALYSIS = YES;
				CLANG_WARN_STRICT_PROTOTYPES = YES;
				CLANG_WARN_SUSPICIOUS_MOVE = YES;
				CLANG_WARN_UNGUARDED_AVAILABILITY = YES_AGGRESSIVE;
				CLANG_WARN_UNREACHABLE_CODE = YES;
				CLANG_WARN__DUPLICATE_METHOD_MATCH = YES;
				COPY_PHASE_STRIP = NO;
				DEBUG_INFORMATION_FORMAT = "dwarf-with-dsym";
				ENABLE_NS_ASSERTIONS = NO;
				ENABLE_STRICT_OBJC_MSGSEND = YES;
				GCC_C_LANGUAGE_STANDARD = gnu11;
				GCC_NO_COMMON_BLOCKS = YES;
				GCC_WARN_64_TO_32_BIT_CONVERSION = YES;
				GCC_WARN_ABOUT_RETURN_TYPE = YES_ERROR;
				GCC_WARN_UNDECLARED_SELECTOR = YES;
				GCC_WARN_UNINITIALIZED_AUTOS = YES_AGGRESSIVE;
				GCC_WARN_UNUSED_FUNCTION = YES;
				GCC_WARN_UNUSED_VARIABLE = YES;
				IPHONEOS_DEPLOYMENT_TARGET = 15.5;
				MTL_ENABLE_DEBUG_INFO = NO;
				MTL_FAST_MATH = YES;
				SDKROOT = iphoneos;
				SWIFT_COMPILATION_MODE = wholemodule;
				SWIFT_OPTIMIZATION_LEVEL = "-O";
				VALIDATE_PRODUCT = YES;
			};
			name = Release;
		};
		D0631BDA2872DDEA00B241CB /* Debug */ = {
			isa = XCBuildConfiguration;
			buildSettings = {
				ASSETCATALOG_COMPILER_APPICON_NAME = AppIcon;
				ASSETCATALOG_COMPILER_GLOBAL_ACCENT_COLOR_NAME = AccentColor;
				CODE_SIGN_STYLE = Automatic;
				CURRENT_PROJECT_VERSION = 1;
				DEVELOPMENT_TEAM = 5H3B76C82P;
				GENERATE_INFOPLIST_FILE = YES;
				INFOPLIST_FILE = TwitterTutorial/Info.plist;
				INFOPLIST_KEY_UIApplicationSupportsIndirectInputEvents = YES;
				INFOPLIST_KEY_UILaunchStoryboardName = LaunchScreen;
				INFOPLIST_KEY_UIMainStoryboardFile = Main;
				INFOPLIST_KEY_UISupportedInterfaceOrientations_iPad = "UIInterfaceOrientationPortrait UIInterfaceOrientationPortraitUpsideDown UIInterfaceOrientationLandscapeLeft UIInterfaceOrientationLandscapeRight";
				INFOPLIST_KEY_UISupportedInterfaceOrientations_iPhone = "UIInterfaceOrientationPortrait UIInterfaceOrientationLandscapeLeft UIInterfaceOrientationLandscapeRight";
				LD_RUNPATH_SEARCH_PATHS = (
					"$(inherited)",
					"@executable_path/Frameworks",
				);
				MARKETING_VERSION = 1.0;
				PRODUCT_BUNDLE_IDENTIFIER = com.justin.TwitterTutorial;
				PRODUCT_NAME = "$(TARGET_NAME)";
				SWIFT_EMIT_LOC_STRINGS = YES;
				SWIFT_VERSION = 5.0;
				TARGETED_DEVICE_FAMILY = "1,2";
			};
			name = Debug;
		};
		D0631BDB2872DDEA00B241CB /* Release */ = {
			isa = XCBuildConfiguration;
			buildSettings = {
				ASSETCATALOG_COMPILER_APPICON_NAME = AppIcon;
				ASSETCATALOG_COMPILER_GLOBAL_ACCENT_COLOR_NAME = AccentColor;
				CODE_SIGN_STYLE = Automatic;
				CURRENT_PROJECT_VERSION = 1;
				DEVELOPMENT_TEAM = 5H3B76C82P;
				GENERATE_INFOPLIST_FILE = YES;
				INFOPLIST_FILE = TwitterTutorial/Info.plist;
				INFOPLIST_KEY_UIApplicationSupportsIndirectInputEvents = YES;
				INFOPLIST_KEY_UILaunchStoryboardName = LaunchScreen;
				INFOPLIST_KEY_UIMainStoryboardFile = Main;
				INFOPLIST_KEY_UISupportedInterfaceOrientations_iPad = "UIInterfaceOrientationPortrait UIInterfaceOrientationPortraitUpsideDown UIInterfaceOrientationLandscapeLeft UIInterfaceOrientationLandscapeRight";
				INFOPLIST_KEY_UISupportedInterfaceOrientations_iPhone = "UIInterfaceOrientationPortrait UIInterfaceOrientationLandscapeLeft UIInterfaceOrientationLandscapeRight";
				LD_RUNPATH_SEARCH_PATHS = (
					"$(inherited)",
					"@executable_path/Frameworks",
				);
				MARKETING_VERSION = 1.0;
				PRODUCT_BUNDLE_IDENTIFIER = com.justin.TwitterTutorial;
				PRODUCT_NAME = "$(TARGET_NAME)";
				SWIFT_EMIT_LOC_STRINGS = YES;
				SWIFT_VERSION = 5.0;
				TARGETED_DEVICE_FAMILY = "1,2";
			};
			name = Release;
		};
/* End XCBuildConfiguration section */

/* Begin XCConfigurationList section */
		D0631BC02872DDE900B241CB /* Build configuration list for PBXProject "TwitterTutorial" */ = {
			isa = XCConfigurationList;
			buildConfigurations = (
				D0631BD72872DDEA00B241CB /* Debug */,
				D0631BD82872DDEA00B241CB /* Release */,
			);
			defaultConfigurationIsVisible = 0;
			defaultConfigurationName = Release;
		};
		D0631BD92872DDEA00B241CB /* Build configuration list for PBXNativeTarget "TwitterTutorial" */ = {
			isa = XCConfigurationList;
			buildConfigurations = (
				D0631BDA2872DDEA00B241CB /* Debug */,
				D0631BDB2872DDEA00B241CB /* Release */,
			);
			defaultConfigurationIsVisible = 0;
			defaultConfigurationName = Release;
		};
/* End XCConfigurationList section */
	};
	rootObject = D0631BBD2872DDE900B241CB /* Project object */;
}
